<?xml version="1.0" encoding="utf-8"?>
<Project ToolsVersion="4.0" xmlns="http://schemas.microsoft.com/developer/msbuild/2003">
  <ItemGroup>
    <Filter Include="Archivos de origen">
      <UniqueIdentifier>{4FC737F1-C7A5-4376-A066-2A32D752A2FF}</UniqueIdentifier>
      <Extensions>cpp;c;cc;cxx;c++;cppm;ixx;def;odl;idl;hpj;bat;asm;asmx</Extensions>
    </Filter>
    <Filter Include="Archivos de encabezado">
      <UniqueIdentifier>{93995380-89BD-4b04-88EB-625FBE52EBFB}</UniqueIdentifier>
      <Extensions>h;hh;hpp;hxx;h++;hm;inl;inc;ipp;xsd</Extensions>
    </Filter>
    <Filter Include="Archivos de recursos">
      <UniqueIdentifier>{67DA6AB6-F800-4c08-8B7A-83BB121AAD01}</UniqueIdentifier>
      <Extensions>rc;ico;cur;bmp;dlg;rc2;rct;bin;rgs;gif;jpg;jpeg;jpe;resx;tiff;tif;png;wav;mfcribbon-ms</Extensions>
    </Filter>
    <Filter Include="ECS">
      <UniqueIdentifier>{000d9ea2-a498-4bf6-b07c-de703aa103d0}</UniqueIdentifier>
    </Filter>
    <Filter Include="Memory">
      <UniqueIdentifier>{50711181-295b-4ff8-aaca-804ffcfc09ad}</UniqueIdentifier>
    </Filter>
    <Filter Include="Archivos de recursos\ECS">
      <UniqueIdentifier>{ef0dbe2a-e633-4dca-8d8b-1286f5e20f86}</UniqueIdentifier>
    </Filter>
    <Filter Include="Utilities">
      <UniqueIdentifier>{fcd73df6-618a-494d-ab7b-686505e83ddd}</UniqueIdentifier>
    </Filter>
    <Filter Include="Utilities\Utilities">
      <UniqueIdentifier>{5e4462e3-719b-474e-a72d-21267112c73e}</UniqueIdentifier>
    </Filter>
    <Filter Include="Utilities\Vectors">
      <UniqueIdentifier>{cff629e9-d60f-4844-aad4-6c85b73cab58}</UniqueIdentifier>
    </Filter>
    <Filter Include="Utilities\Matrix">
      <UniqueIdentifier>{0783a59d-e23d-4181-a5f4-b8d14997effa}</UniqueIdentifier>
    </Filter>
  </ItemGroup>
  <ItemGroup>
    <ClInclude Include="resource.h">
      <Filter>Archivos de encabezado</Filter>
    </ClInclude>
    <ClInclude Include="include\Prerequisites.h">
      <Filter>Archivos de encabezado</Filter>
    </ClInclude>
    <ClInclude Include="include\BaseApp.h">
      <Filter>Archivos de encabezado</Filter>
    </ClInclude>
    <ClInclude Include="include\Window.h">
      <Filter>Archivos de encabezado</Filter>
    </ClInclude>
    <ClInclude Include="include\CShape.h">
      <Filter>Archivos de encabezado</Filter>
    </ClInclude>
    <ClInclude Include="include\Memory\TSharedPointer.h">
      <Filter>Memory</Filter>
    </ClInclude>
    <ClInclude Include="include\Memory\TStaticPtr.h">
      <Filter>Memory</Filter>
    </ClInclude>
    <ClInclude Include="include\Memory\TUniquePtr.h">
      <Filter>Memory</Filter>
    </ClInclude>
    <ClInclude Include="include\Memory\TWeakPointer.h">
      <Filter>Memory</Filter>
    </ClInclude>
    <ClInclude Include="include\ECS\Component.h">
      <Filter>ECS</Filter>
    </ClInclude>
    <ClInclude Include="include\ECS\Entity.h">
      <Filter>ECS</Filter>
    </ClInclude>
    <ClInclude Include="include\ECS\Actor.h">
      <Filter>ECS</Filter>
    </ClInclude>
    <ClInclude Include="include\ECS\Transform.h">
      <Filter>ECS</Filter>
    </ClInclude>
    <ClInclude Include="include\Utilities\Matrix\Matrix2x2.h">
      <Filter>Utilities\Matrix</Filter>
    </ClInclude>
    <ClInclude Include="include\Utilities\Matrix\Matrix3x3.h">
      <Filter>Utilities\Matrix</Filter>
    </ClInclude>
    <ClInclude Include="include\Utilities\Matrix\Matrix4x4.h">
      <Filter>Utilities\Matrix</Filter>
    </ClInclude>
    <ClInclude Include="include\Utilities\Vectors\Quaternion.h">
      <Filter>Utilities\Vectors</Filter>
    </ClInclude>
    <ClInclude Include="include\Utilities\Vectors\Vector2.h">
      <Filter>Utilities\Vectors</Filter>
    </ClInclude>
    <ClInclude Include="include\Utilities\Vectors\Vector3.h">
      <Filter>Utilities\Vectors</Filter>
    </ClInclude>
    <ClInclude Include="include\Utilities\Vectors\Vector4.h">
      <Filter>Utilities\Vectors</Filter>
    </ClInclude>
    <ClInclude Include="include\Utilities\Utilities\EngineMath.h">
      <Filter>Utilities\Utilities</Filter>
    </ClInclude>
  </ItemGroup>
  <ItemGroup>
    <ClCompile Include="src\main.cpp">
      <Filter>Archivos de recursos</Filter>
    </ClCompile>
    <ClCompile Include="src\BaseApp.cpp">
      <Filter>Archivos de recursos</Filter>
    </ClCompile>
    <ClCompile Include="src\Window.cpp">
      <Filter>Archivos de recursos</Filter>
    </ClCompile>
    <ClCompile Include="src\CShape.cpp">
      <Filter>Archivos de recursos</Filter>
    </ClCompile>
    <ClCompile Include="src\ECS\Actor.cpp">
      <Filter>Archivos de recursos\ECS</Filter>
    </ClCompile>
  </ItemGroup>
</Project>